{
  "pins" : [
    {
      "identity" : "ym-api",
      "kind" : "remoteSourceControl",
      "location" : "https://github.com/p0rterB/YM-API",
      "state" : {
        "revision" : "00c3789895f6d6c04825e8ca496004bca072303e",
        "version" : "0.7.1"
      }
    },
    {
      "identity" : "youtubekit",
      "kind" : "remoteSourceControl",
      "location" : "https://github.com/b5i/YouTubeKit",
      "state" : {
        "revision" : "c5c1b3fe235978af84940c3e49ab9bc0a3f82c76",
        "version" : "2.7.0"
      }
    }
  ],
  "version" : 3
}
